
Microsoft Visual Studio Solution File, Format Version 12.00
# Visual Studio 2012
Project("{FAE04EC0-301F-11D3-BF4B-00C04F79EFBC}") = "TechnicalInterview_FeedReader", "TechnicalInterview_FeedReader\TechnicalInterview_FeedReader.csproj", "{0D7DE2B1-0976-424B-814D-67C31BD29D49}"
EndProject
Project("{FAE04EC0-301F-11D3-BF4B-00C04F79EFBC}") = "TechnicalInterview_FeedReader.Tests", "TechnicalInterview_FeedReader.Tests\TechnicalInterview_FeedReader.Tests.csproj", "{CD35839B-2DDE-4013-9F4E-200D9D326A05}"
EndProject
Global
	GlobalSection(SolutionConfigurationPlatforms) = preSolution
		Debug|Any CPU = Debug|Any CPU
		Release|Any CPU = Release|Any CPU
	EndGlobalSection
	GlobalSection(ProjectConfigurationPlatforms) = postSolution
		{0D7DE2B1-0976-424B-814D-67C31BD29D49}.Debug|Any CPU.ActiveCfg = Debug|Any CPU
		{0D7DE2B1-0976-424B-814D-67C31BD29D49}.Debug|Any CPU.Build.0 = Debug|Any CPU
		{0D7DE2B1-0976-424B-814D-67C31BD29D49}.Release|Any CPU.ActiveCfg = Release|Any CPU
		{0D7DE2B1-0976-424B-814D-67C31BD29D49}.Release|Any CPU.Build.0 = Release|Any CPU
		{CD35839B-2DDE-4013-9F4E-200D9D326A05}.Debug|Any CPU.ActiveCfg = Debug|Any CPU
		{CD35839B-2DDE-4013-9F4E-200D9D326A05}.Debug|Any CPU.Build.0 = Debug|Any CPU
		{CD35839B-2DDE-4013-9F4E-200D9D326A05}.Release|Any CPU.ActiveCfg = Release|Any CPU
		{CD35839B-2DDE-4013-9F4E-200D9D326A05}.Release|Any CPU.Build.0 = Release|Any CPU
	EndGlobalSection
	GlobalSection(SolutionProperties) = preSolution
		HideSolutionNode = FALSE
	EndGlobalSection
EndGlobal
